<?xml version="1.0" encoding="utf-8"?>
<Project ToolsVersion="4.0" xmlns="http://schemas.microsoft.com/developer/msbuild/2003">
  <ItemGroup>
    <Filter Include="Source Files">
      <UniqueIdentifier>{4FC737F1-C7A5-4376-A066-2A32D752A2FF}</UniqueIdentifier>
      <Extensions>cpp;c;cc;cxx;def;odl;idl;hpj;bat;asm;asmx</Extensions>
    </Filter>
    <Filter Include="Header Files">
      <UniqueIdentifier>{93995380-89BD-4b04-88EB-625FBE52EBFB}</UniqueIdentifier>
      <Extensions>h;hh;hpp;hxx;hm;inl;inc;xsd</Extensions>
    </Filter>
    <Filter Include="Header Files\Utility">
      <UniqueIdentifier>{c0f2e112-f780-446b-bd8a-70b7fd6686d2}</UniqueIdentifier>
    </Filter>
    <Filter Include="Source Files\Utility">
      <UniqueIdentifier>{bfbed11e-f2c2-4ff2-8a05-bb0cb4bba5f0}</UniqueIdentifier>
    </Filter>
    <Filter Include="Header Files\Graphics">
      <UniqueIdentifier>{69586696-27c7-4889-a241-bedb2b1962d5}</UniqueIdentifier>
    </Filter>
    <Filter Include="Source Files\Graphics">
      <UniqueIdentifier>{63ce3d6b-835e-49e5-92ab-bd3cff9a4a04}</UniqueIdentifier>
    </Filter>
  </ItemGroup>
  <ItemGroup>
    <ClCompile Include="Main.cxx">
      <Filter>Source Files</Filter>
    </ClCompile>
    <ClCompile Include="Logger.cxx">
      <Filter>Source Files\Utility</Filter>
    </ClCompile>
    <ClCompile Include="Image.cxx">
      <Filter>Source Files\Graphics</Filter>
    </ClCompile>
    <ClCompile Include="Color.cxx">
      <Filter>Source Files\Graphics</Filter>
    </ClCompile>
  </ItemGroup>
  <ItemGroup>
    <ClInclude Include="Assert.hxx">
      <Filter>Header Files\Utility</Filter>
    </ClInclude>
    <ClInclude Include="Config.hxx">
      <Filter>Header Files\Utility</Filter>
    </ClInclude>
    <ClInclude Include="Logger.hxx">
      <Filter>Header Files\Utility</Filter>
    </ClInclude>
    <ClInclude Include="Image.hxx">
      <Filter>Header Files\Graphics</Filter>
    </ClInclude>
    <ClInclude Include="Color.hxx">
      <Filter>Header Files\Graphics</Filter>
    </ClInclude>
    <ClInclude Include="Math.hxx">
      <Filter>Header Files\Utility</Filter>
    </ClInclude>
    <ClInclude Include="Rex.hxx">
      <Filter>Header Files</Filter>
    </ClInclude>
  </ItemGroup>
</Project>