<?xml version="1.0" encoding="utf-8"?>
<Project ToolsVersion="4.0" xmlns="http://schemas.microsoft.com/developer/msbuild/2003">
  <ItemGroup>
    <Filter Include="Source Files">
      <UniqueIdentifier>{4FC737F1-C7A5-4376-A066-2A32D752A2FF}</UniqueIdentifier>
      <Extensions>cpp;c;cc;cxx;cu;def;odl;idl;hpj;bat;asm;asmx</Extensions>
    </Filter>
    <Filter Include="Header Files">
      <UniqueIdentifier>{93995380-89BD-4b04-88EB-625FBE52EBFB}</UniqueIdentifier>
      <Extensions>h;hh;hpp;hxx;hm;inl;inc;xsd</Extensions>
    </Filter>
    <Filter Include="Header Files\CUDA">
      <UniqueIdentifier>{a4b8e409-08d6-480f-a2ba-f4838c7cd518}</UniqueIdentifier>
    </Filter>
    <Filter Include="Header Files\Graphics">
      <UniqueIdentifier>{7862d328-8846-43e4-98a5-cbf740bce98b}</UniqueIdentifier>
    </Filter>
    <Filter Include="Header Files\Math">
      <UniqueIdentifier>{6e8990dc-d055-4ba9-81cc-c5f73c3484bd}</UniqueIdentifier>
    </Filter>
  </ItemGroup>
  <ItemGroup>
    <CudaCompile Include="kernel.cu">
      <Filter>Source Files</Filter>
    </CudaCompile>
    <CudaCompile Include="Color.cu">
      <Filter>Source Files</Filter>
    </CudaCompile>
    <CudaCompile Include="Math.cu">
      <Filter>Source Files</Filter>
    </CudaCompile>
    <CudaCompile Include="Matrix.cu">
      <Filter>Source Files</Filter>
    </CudaCompile>
    <CudaCompile Include="Ray.cu">
      <Filter>Source Files</Filter>
    </CudaCompile>
    <CudaCompile Include="Vector2.cu">
      <Filter>Source Files</Filter>
    </CudaCompile>
    <CudaCompile Include="Vector3.cu">
      <Filter>Source Files</Filter>
    </CudaCompile>
  </ItemGroup>
  <ItemGroup>
    <ClInclude Include="..\include\rex\Config.hxx">
      <Filter>Header Files</Filter>
    </ClInclude>
    <ClInclude Include="..\include\rex\Rex.hxx">
      <Filter>Header Files</Filter>
    </ClInclude>
    <ClInclude Include="..\include\rex\Graphics\Color.hxx">
      <Filter>Header Files\Graphics</Filter>
    </ClInclude>
    <ClInclude Include="..\include\rex\CUDA.hxx">
      <Filter>Header Files</Filter>
    </ClInclude>
    <ClInclude Include="..\include\rex\Math\Math.hxx">
      <Filter>Header Files\Math</Filter>
    </ClInclude>
    <ClInclude Include="..\include\rex\Math\Matrix.hxx">
      <Filter>Header Files\Math</Filter>
    </ClInclude>
    <ClInclude Include="..\include\rex\Math\Ray.hxx">
      <Filter>Header Files\Math</Filter>
    </ClInclude>
    <ClInclude Include="..\include\rex\Math\Vector2.hxx">
      <Filter>Header Files\Math</Filter>
    </ClInclude>
    <ClInclude Include="..\include\rex\Math\Vector3.hxx">
      <Filter>Header Files\Math</Filter>
    </ClInclude>
  </ItemGroup>
  <ItemGroup>
    <None Include="..\include\rex\Math\Math.inl">
      <Filter>Header Files\Math</Filter>
    </None>
  </ItemGroup>
</Project>